
Microsoft Visual Studio Solution File, Format Version 12.00
# Visual Studio Version 16
VisualStudioVersion = 16.0.33927.289
MinimumVisualStudioVersion = 10.0.40219.1
Project("{2150E333-8FDC-42A3-9474-1A3956D46DE8}") = "Task0", "Task0", "{C97F0E7B-C6FD-4656-A310-43B877603CE4}"
EndProject
Project("{FAE04EC0-301F-11D3-BF4B-00C04F79EFBC}") = "Tyuiu.OdarenkoAR.Sprint3.Task0.V9", "Tyuiu.OdarenkoAR.Sprint3.Task0.V9\Tyuiu.OdarenkoAR.Sprint3.Task0.V9.csproj", "{3DEEA9CF-62E3-4FBF-B1E2-B128E6C98338}"
EndProject
Project("{FAE04EC0-301F-11D3-BF4B-00C04F79EFBC}") = "Tyuiu.OdarenkoAR.Sprint3.Task0.V9.Lib", "Tyuiu.OdarenkoAR.Sprint3.Task0.V9.Lib\Tyuiu.OdarenkoAR.Sprint3.Task0.V9.Lib.csproj", "{FF0CF42F-3B6E-4BAD-BEF9-7297C61ECA73}"
EndProject
Project("{FAE04EC0-301F-11D3-BF4B-00C04F79EFBC}") = "Tyuiu.OdarenkoAR.Sprint3.Task0.V9.Test", "Tyuiu.OdarenkoAR.Sprint3.Task0.V9.Test\Tyuiu.OdarenkoAR.Sprint3.Task0.V9.Test.csproj", "{0770ACD7-D676-4EC7-A00E-D980175A2B3B}"
EndProject
Project("{2150E333-8FDC-42A3-9474-1A3956D46DE8}") = "Task1", "Task1", "{46C8242B-B4AE-43A1-B365-2662E20E142A}"
EndProject
Project("{FAE04EC0-301F-11D3-BF4B-00C04F79EFBC}") = "Tyuiu.OdarenkoAR.Sprint3.Task1.V8", "Tyuiu.OdarenkoAR.Sprint3.Task1.V8\Tyuiu.OdarenkoAR.Sprint3.Task1.V8.csproj", "{F35B456A-D13F-4D3F-8717-3196D38C4CAA}"
EndProject
Project("{FAE04EC0-301F-11D3-BF4B-00C04F79EFBC}") = "Tyuiu.OdarenkoAR.Sprint3.Task1.V8.Lib", "Tyuiu.OdarenkoAR.Sprint3.Task1.V8.Lib\Tyuiu.OdarenkoAR.Sprint3.Task1.V8.Lib.csproj", "{64F14B20-A6D2-4E34-B47C-6392888694F4}"
EndProject
Project("{FAE04EC0-301F-11D3-BF4B-00C04F79EFBC}") = "Tyuiu.OdarenkoAR.Sprint3.Task1.V8.Test", "Tyuiu.OdarenkoAR.Sprint3.Task1.V8.Test\Tyuiu.OdarenkoAR.Sprint3.Task1.V8.Test.csproj", "{52AAB43D-8360-496C-AE78-199AA5E4A013}"
EndProject
Project("{2150E333-8FDC-42A3-9474-1A3956D46DE8}") = "Task2", "Task2", "{8EB5455A-7A34-4C02-968C-F9B1CA0AF30B}"
EndProject
Project("{FAE04EC0-301F-11D3-BF4B-00C04F79EFBC}") = "Tyuiu.OdarenkoAR.Sprint3.Task2.V17", "Tyuiu.OdarenkoAR.Sprint3.Task2.V17\Tyuiu.OdarenkoAR.Sprint3.Task2.V17.csproj", "{CA3F777A-DA91-490D-ABEE-82047C675B03}"
EndProject
Project("{FAE04EC0-301F-11D3-BF4B-00C04F79EFBC}") = "Tyuiu.OdarenkoAR.Sprint3.Task2.V17.Lib", "Tyuiu.OdarenkoAR.Sprint3.Task2.V17.Lib\Tyuiu.OdarenkoAR.Sprint3.Task2.V17.Lib.csproj", "{A11BB07C-2252-4830-84DA-2990D7D12E62}"
EndProject
Project("{FAE04EC0-301F-11D3-BF4B-00C04F79EFBC}") = "Tyuiu.OdarenkoAR.Sprint3.Task2.V17.Test", "Tyuiu.OdarenkoAR.Sprint3.Task2.V17.Test\Tyuiu.OdarenkoAR.Sprint3.Task2.V17.Test.csproj", "{6AD40EFC-5535-44CB-97A1-E22FBCCD628F}"
EndProject
Global
	GlobalSection(SolutionConfigurationPlatforms) = preSolution
		Debug|Any CPU = Debug|Any CPU
		Release|Any CPU = Release|Any CPU
	EndGlobalSection
	GlobalSection(ProjectConfigurationPlatforms) = postSolution
		{3DEEA9CF-62E3-4FBF-B1E2-B128E6C98338}.Debug|Any CPU.ActiveCfg = Debug|Any CPU
		{3DEEA9CF-62E3-4FBF-B1E2-B128E6C98338}.Debug|Any CPU.Build.0 = Debug|Any CPU
		{3DEEA9CF-62E3-4FBF-B1E2-B128E6C98338}.Release|Any CPU.ActiveCfg = Release|Any CPU
		{3DEEA9CF-62E3-4FBF-B1E2-B128E6C98338}.Release|Any CPU.Build.0 = Release|Any CPU
		{FF0CF42F-3B6E-4BAD-BEF9-7297C61ECA73}.Debug|Any CPU.ActiveCfg = Debug|Any CPU
		{FF0CF42F-3B6E-4BAD-BEF9-7297C61ECA73}.Debug|Any CPU.Build.0 = Debug|Any CPU
		{FF0CF42F-3B6E-4BAD-BEF9-7297C61ECA73}.Release|Any CPU.ActiveCfg = Release|Any CPU
		{FF0CF42F-3B6E-4BAD-BEF9-7297C61ECA73}.Release|Any CPU.Build.0 = Release|Any CPU
		{0770ACD7-D676-4EC7-A00E-D980175A2B3B}.Debug|Any CPU.ActiveCfg = Debug|Any CPU
		{0770ACD7-D676-4EC7-A00E-D980175A2B3B}.Debug|Any CPU.Build.0 = Debug|Any CPU
		{0770ACD7-D676-4EC7-A00E-D980175A2B3B}.Release|Any CPU.ActiveCfg = Release|Any CPU
		{0770ACD7-D676-4EC7-A00E-D980175A2B3B}.Release|Any CPU.Build.0 = Release|Any CPU
		{F35B456A-D13F-4D3F-8717-3196D38C4CAA}.Debug|Any CPU.ActiveCfg = Debug|Any CPU
		{F35B456A-D13F-4D3F-8717-3196D38C4CAA}.Debug|Any CPU.Build.0 = Debug|Any CPU
		{F35B456A-D13F-4D3F-8717-3196D38C4CAA}.Release|Any CPU.ActiveCfg = Release|Any CPU
		{F35B456A-D13F-4D3F-8717-3196D38C4CAA}.Release|Any CPU.Build.0 = Release|Any CPU
		{64F14B20-A6D2-4E34-B47C-6392888694F4}.Debug|Any CPU.ActiveCfg = Debug|Any CPU
		{64F14B20-A6D2-4E34-B47C-6392888694F4}.Debug|Any CPU.Build.0 = Debug|Any CPU
		{64F14B20-A6D2-4E34-B47C-6392888694F4}.Release|Any CPU.ActiveCfg = Release|Any CPU
		{64F14B20-A6D2-4E34-B47C-6392888694F4}.Release|Any CPU.Build.0 = Release|Any CPU
		{52AAB43D-8360-496C-AE78-199AA5E4A013}.Debug|Any CPU.ActiveCfg = Debug|Any CPU
		{52AAB43D-8360-496C-AE78-199AA5E4A013}.Debug|Any CPU.Build.0 = Debug|Any CPU
		{52AAB43D-8360-496C-AE78-199AA5E4A013}.Release|Any CPU.ActiveCfg = Release|Any CPU
		{52AAB43D-8360-496C-AE78-199AA5E4A013}.Release|Any CPU.Build.0 = Release|Any CPU
		{CA3F777A-DA91-490D-ABEE-82047C675B03}.Debug|Any CPU.ActiveCfg = Debug|Any CPU
		{CA3F777A-DA91-490D-ABEE-82047C675B03}.Debug|Any CPU.Build.0 = Debug|Any CPU
		{CA3F777A-DA91-490D-ABEE-82047C675B03}.Release|Any CPU.ActiveCfg = Release|Any CPU
		{CA3F777A-DA91-490D-ABEE-82047C675B03}.Release|Any CPU.Build.0 = Release|Any CPU
		{A11BB07C-2252-4830-84DA-2990D7D12E62}.Debug|Any CPU.ActiveCfg = Debug|Any CPU
		{A11BB07C-2252-4830-84DA-2990D7D12E62}.Debug|Any CPU.Build.0 = Debug|Any CPU
		{A11BB07C-2252-4830-84DA-2990D7D12E62}.Release|Any CPU.ActiveCfg = Release|Any CPU
		{A11BB07C-2252-4830-84DA-2990D7D12E62}.Release|Any CPU.Build.0 = Release|Any CPU
		{6AD40EFC-5535-44CB-97A1-E22FBCCD628F}.Debug|Any CPU.ActiveCfg = Debug|Any CPU
		{6AD40EFC-5535-44CB-97A1-E22FBCCD628F}.Debug|Any CPU.Build.0 = Debug|Any CPU
		{6AD40EFC-5535-44CB-97A1-E22FBCCD628F}.Release|Any CPU.ActiveCfg = Release|Any CPU
		{6AD40EFC-5535-44CB-97A1-E22FBCCD628F}.Release|Any CPU.Build.0 = Release|Any CPU
	EndGlobalSection
	GlobalSection(SolutionProperties) = preSolution
		HideSolutionNode = FALSE
	EndGlobalSection
	GlobalSection(NestedProjects) = preSolution
		{3DEEA9CF-62E3-4FBF-B1E2-B128E6C98338} = {C97F0E7B-C6FD-4656-A310-43B877603CE4}
		{FF0CF42F-3B6E-4BAD-BEF9-7297C61ECA73} = {C97F0E7B-C6FD-4656-A310-43B877603CE4}
		{0770ACD7-D676-4EC7-A00E-D980175A2B3B} = {C97F0E7B-C6FD-4656-A310-43B877603CE4}
		{F35B456A-D13F-4D3F-8717-3196D38C4CAA} = {46C8242B-B4AE-43A1-B365-2662E20E142A}
		{64F14B20-A6D2-4E34-B47C-6392888694F4} = {46C8242B-B4AE-43A1-B365-2662E20E142A}
		{52AAB43D-8360-496C-AE78-199AA5E4A013} = {46C8242B-B4AE-43A1-B365-2662E20E142A}
		{CA3F777A-DA91-490D-ABEE-82047C675B03} = {8EB5455A-7A34-4C02-968C-F9B1CA0AF30B}
		{A11BB07C-2252-4830-84DA-2990D7D12E62} = {8EB5455A-7A34-4C02-968C-F9B1CA0AF30B}
		{6AD40EFC-5535-44CB-97A1-E22FBCCD628F} = {8EB5455A-7A34-4C02-968C-F9B1CA0AF30B}
	EndGlobalSection
	GlobalSection(ExtensibilityGlobals) = postSolution
		SolutionGuid = {461A5026-4D37-45DD-8378-5A8CBCE419CB}
	EndGlobalSection
EndGlobal
